// !$*UTF8*$!
{
	archiveVersion = 1;
	classes = {
	};
	objectVersion = 56;
	objects = {

/* Begin PBXBuildFile section */
		E0000000000000000000B001 /* ThaiWallpaperLearnApp.swift in Sources */ = {isa = PBXBuildFile; fileRef = D0000000000000000000B001 /* ThaiWallpaperLearnApp.swift */; };
		E0000000000000000000B002 /* ContentView.swift in Sources */ = {isa = PBXBuildFile; fileRef = D0000000000000000000B002 /* ContentView.swift */; };
		E0000000000000000000B003 /* FlashcardView.swift in Sources */ = {isa = PBXBuildFile; fileRef = D0000000000000000000B003 /* FlashcardView.swift */; };
		E0000000000000000000B010 /* ThaiUI.swift in Sources */ = {isa = PBXBuildFile; fileRef = D0000000000000000000B010 /* ThaiUI.swift */; };
		E0000000000000000000B011 /* WordDetailView.swift in Sources */ = {isa = PBXBuildFile; fileRef = D0000000000000000000B011 /* WordDetailView.swift */; };
		E0000000000000000000B012 /* OnboardingView.swift in Sources */ = {isa = PBXBuildFile; fileRef = D0000000000000000000B012 /* OnboardingView.swift */; };
		E0000000000000000000B013 /* ShareCard.swift in Sources */ = {isa = PBXBuildFile; fileRef = D0000000000000000000B013 /* ShareCard.swift */; };
		E0000000000000000000B014 /* QuizView.swift in Sources */ = {isa = PBXBuildFile; fileRef = D0000000000000000000B014 /* QuizView.swift */; };
		E0000000000000000000B015 /* ToneTrainerView.swift in Sources */ = {isa = PBXBuildFile; fileRef = D0000000000000000000B015 /* ToneTrainerView.swift */; };
		E0000000000000000000B016 /* SpeakPracticeView.swift in Sources */ = {isa = PBXBuildFile; fileRef = D0000000000000000000B016 /* SpeakPracticeView.swift */; };
		E0000000000000000000B004 /* ThaiWord.swift in Sources */ = {isa = PBXBuildFile; fileRef = D0000000000000000000B004 /* ThaiWord.swift */; };
		E0000000000000000000B005 /* Vocabulary.swift in Sources */ = {isa = PBXBuildFile; fileRef = D0000000000000000000B005 /* Vocabulary.swift */; };
		E0000000000000000000C001 /* Assets.xcassets in Resources */ = {isa = PBXBuildFile; fileRef = D0000000000000000000C001 /* Assets.xcassets */; };
		E0000000000000000000B006 /* ThaiWidget.swift in Sources */ = {isa = PBXBuildFile; fileRef = D0000000000000000000B006 /* ThaiWidget.swift */; };
		E0000000000000000000B007 /* ThaiWidgetBundle.swift in Sources */ = {isa = PBXBuildFile; fileRef = D0000000000000000000B007 /* ThaiWidgetBundle.swift */; };
		E0000000000000000000B008 /* ThaiWord.swift in Sources */ = {isa = PBXBuildFile; fileRef = D0000000000000000000B004 /* ThaiWord.swift */; };
		E0000000000000000000B009 /* Vocabulary.swift in Sources */ = {isa = PBXBuildFile; fileRef = D0000000000000000000B005 /* Vocabulary.swift */; };
		E0000000000000000000CF01 /* content.json in Resources */ = {isa = PBXBuildFile; fileRef = D0000000000000000000BF01 /* content.json */; };
		E0000000000000000000CF02 /* content.json in Resources */ = {isa = PBXBuildFile; fileRef = D0000000000000000000BF01 /* content.json */; };
		E0000000000000000000C002 /* Assets.xcassets in Resources */ = {isa = PBXBuildFile; fileRef = D0000000000000000000C002 /* Assets.xcassets */; };
		E0000000000000000000D001 /* ThaiWidgetExtension.appex in Embed Foundation Extensions */ = {isa = PBXBuildFile; fileRef = D0000000000000000000A002 /* ThaiWidgetExtension.appex */; settings = {ATTRIBUTES = (RemoveHeadersOnCopy, ); }; };
		E0000000000000000000C003 /* Caladea-Regular.ttf in Resources */ = {isa = PBXBuildFile; fileRef = D0000000000000000000C004 /* Caladea-Regular.ttf */; };
		E0000000000000000000C004 /* Caladea-Bold.ttf in Resources */ = {isa = PBXBuildFile; fileRef = D0000000000000000000C005 /* Caladea-Bold.ttf */; };
		E0000000000000000000C005 /* OFL.txt in Resources */ = {isa = PBXBuildFile; fileRef = D0000000000000000000C006 /* OFL.txt */; };
		E0000000000000000000C006 /* Mitr-Medium.ttf in Resources */ = {isa = PBXBuildFile; fileRef = D0000000000000000000C007 /* Mitr-Medium.ttf */; };
		E0000000000000000000C007 /* OFL-Mitr.txt in Resources */ = {isa = PBXBuildFile; fileRef = D0000000000000000000C008 /* OFL-Mitr.txt */; };
/* End PBXBuildFile section */

/* Begin PBXContainerItemProxy section */
		B0000000000000000000A002 /* PBXContainerItemProxy */ = {
			isa = PBXContainerItemProxy;
			containerPortal = 0A000000000000000000A001 /* Project object */;
			proxyType = 1;
			remoteGlobalIDString = A0000000000000000000A002;
			remoteInfo = ThaiWidgetExtension;
		};
/* End PBXContainerItemProxy section */

/* Begin PBXCopyFilesBuildPhase section */
		F0000000000000000000A004 /* Embed Foundation Extensions */ = {
			isa = PBXCopyFilesBuildPhase;
			buildActionMask = 2147483647;
			dstPath = "";
			dstSubfolderSpec = 13;
			files = (
				E0000000000000000000D001 /* ThaiWidgetExtension.appex in Embed Foundation Extensions */,
			);
			name = "Embed Foundation Extensions";
			runOnlyForDeploymentPostprocessing = 0;
		};
/* End PBXCopyFilesBuildPhase section */

/* Begin PBXFileReference section */
		D0000000000000000000A001 /* ThaiWallpaperLearn.app */ = {isa = PBXFileReference; explicitFileType = wrapper.application; includeInIndex = 0; path = ThaiWallpaperLearn.app; sourceTree = BUILT_PRODUCTS_DIR; };
		D0000000000000000000A002 /* ThaiWidgetExtension.appex */ = {isa = PBXFileReference; explicitFileType = "wrapper.app-extension"; includeInIndex = 0; path = ThaiWidgetExtension.appex; sourceTree = BUILT_PRODUCTS_DIR; };
		D0000000000000000000B001 /* ThaiWallpaperLearnApp.swift */ = {isa = PBXFileReference; lastKnownFileType = sourcecode.swift; path = ThaiWallpaperLearnApp.swift; sourceTree = "<group>"; };
		D0000000000000000000B002 /* ContentView.swift */ = {isa = PBXFileReference; lastKnownFileType = sourcecode.swift; path = ContentView.swift; sourceTree = "<group>"; };
		D0000000000000000000B003 /* FlashcardView.swift */ = {isa = PBXFileReference; lastKnownFileType = sourcecode.swift; path = FlashcardView.swift; sourceTree = "<group>"; };
		D0000000000000000000B010 /* ThaiUI.swift */ = {isa = PBXFileReference; lastKnownFileType = sourcecode.swift; path = ThaiUI.swift; sourceTree = "<group>"; };
		D0000000000000000000B011 /* WordDetailView.swift */ = {isa = PBXFileReference; lastKnownFileType = sourcecode.swift; path = WordDetailView.swift; sourceTree = "<group>"; };
		D0000000000000000000B012 /* OnboardingView.swift */ = {isa = PBXFileReference; lastKnownFileType = sourcecode.swift; path = OnboardingView.swift; sourceTree = "<group>"; };
		D0000000000000000000B013 /* ShareCard.swift */ = {isa = PBXFileReference; lastKnownFileType = sourcecode.swift; path = ShareCard.swift; sourceTree = "<group>"; };
		D0000000000000000000B014 /* QuizView.swift */ = {isa = PBXFileReference; lastKnownFileType = sourcecode.swift; path = QuizView.swift; sourceTree = "<group>"; };
		D0000000000000000000B015 /* ToneTrainerView.swift */ = {isa = PBXFileReference; lastKnownFileType = sourcecode.swift; path = ToneTrainerView.swift; sourceTree = "<group>"; };
		D0000000000000000000B016 /* SpeakPracticeView.swift */ = {isa = PBXFileReference; lastKnownFileType = sourcecode.swift; path = SpeakPracticeView.swift; sourceTree = "<group>"; };
		D0000000000000000000B004 /* ThaiWord.swift */ = {isa = PBXFileReference; lastKnownFileType = sourcecode.swift; path = ThaiWord.swift; sourceTree = "<group>"; };
		D0000000000000000000B005 /* Vocabulary.swift */ = {isa = PBXFileReference; lastKnownFileType = sourcecode.swift; path = Vocabulary.swift; sourceTree = "<group>"; };
		D0000000000000000000BF01 /* content.json */ = {isa = PBXFileReference; lastKnownFileType = text.json; path = content.json; sourceTree = "<group>"; };
		D0000000000000000000C001 /* Assets.xcassets */ = {isa = PBXFileReference; lastKnownFileType = folder.assetcatalog; path = Assets.xcassets; sourceTree = "<group>"; };
		D0000000000000000000B006 /* ThaiWidget.swift */ = {isa = PBXFileReference; lastKnownFileType = sourcecode.swift; path = ThaiWidget.swift; sourceTree = "<group>"; };
		D0000000000000000000B007 /* ThaiWidgetBundle.swift */ = {isa = PBXFileReference; lastKnownFileType = sourcecode.swift; path = ThaiWidgetBundle.swift; sourceTree = "<group>"; };
		D0000000000000000000C002 /* Assets.xcassets */ = {isa = PBXFileReference; lastKnownFileType = folder.assetcatalog; path = Assets.xcassets; sourceTree = "<group>"; };
		D0000000000000000000C003 /* Info.plist */ = {isa = PBXFileReference; lastKnownFileType = text.plist.xml; path = Info.plist; sourceTree = "<group>"; };
		D0000000000000000000C004 /* Caladea-Regular.ttf */ = {isa = PBXFileReference; lastKnownFileType = file; path = "Caladea-Regular.ttf"; sourceTree = "<group>"; };
		D0000000000000000000C005 /* Caladea-Bold.ttf */ = {isa = PBXFileReference; lastKnownFileType = file; path = "Caladea-Bold.ttf"; sourceTree = "<group>"; };
		D0000000000000000000C006 /* OFL.txt */ = {isa = PBXFileReference; lastKnownFileType = text; path = OFL.txt; sourceTree = "<group>"; };
		D0000000000000000000C007 /* Mitr-Medium.ttf */ = {isa = PBXFileReference; lastKnownFileType = file; path = "Mitr-Medium.ttf"; sourceTree = "<group>"; };
		D0000000000000000000C008 /* OFL-Mitr.txt */ = {isa = PBXFileReference; lastKnownFileType = text; path = "OFL-Mitr.txt"; sourceTree = "<group>"; };
/* End PBXFileReference section */

/* Begin PBXFrameworksBuildPhase section */
		F0000000000000000000A002 /* Frameworks */ = {
			isa = PBXFrameworksBuildPhase;
			buildActionMask = 2147483647;
			files = (
			);
			runOnlyForDeploymentPostprocessing = 0;
		};
		F0000000000000000000A006 /* Frameworks */ = {
			isa = PBXFrameworksBuildPhase;
			buildActionMask = 2147483647;
			files = (
			);
			runOnlyForDeploymentPostprocessing = 0;
		};
/* End PBXFrameworksBuildPhase section */

/* Begin PBXGroup section */
		C0000000000000000000A001 = {
			isa = PBXGroup;
			children = (
				C0000000000000000000A002 /* App */,
				C0000000000000000000A003 /* Widget */,
				C0000000000000000000A004 /* Shared */,
				C0000000000000000000A005 /* Products */,
			);
			sourceTree = "<group>";
		};
		C0000000000000000000A002 /* App */ = {
			isa = PBXGroup;
			children = (
				D0000000000000000000B001 /* ThaiWallpaperLearnApp.swift */,
				D0000000000000000000B002 /* ContentView.swift */,
				D0000000000000000000B003 /* FlashcardView.swift */,
				D0000000000000000000B010 /* ThaiUI.swift */,
				D0000000000000000000B011 /* WordDetailView.swift */,
				D0000000000000000000B012 /* OnboardingView.swift */,
				D0000000000000000000B013 /* ShareCard.swift */,
				D0000000000000000000B014 /* QuizView.swift */,
				D0000000000000000000B015 /* ToneTrainerView.swift */,
				D0000000000000000000B016 /* SpeakPracticeView.swift */,
				D0000000000000000000C001 /* Assets.xcassets */,
				C0000000000000000000A006 /* Fonts */,
			);
			path = App;
			sourceTree = "<group>";
		};
		C0000000000000000000A006 /* Fonts */ = {
			isa = PBXGroup;
			children = (
				D0000000000000000000C004 /* Caladea-Regular.ttf */,
				D0000000000000000000C005 /* Caladea-Bold.ttf */,
				D0000000000000000000C007 /* Mitr-Medium.ttf */,
				D0000000000000000000C006 /* OFL.txt */,
				D0000000000000000000C008 /* OFL-Mitr.txt */,
			);
			path = Fonts;
			sourceTree = "<group>";
		};
		C0000000000000000000A003 /* Widget */ = {
			isa = PBXGroup;
			children = (
				D0000000000000000000B006 /* ThaiWidget.swift */,
				D0000000000000000000B007 /* ThaiWidgetBundle.swift */,
				D0000000000000000000C002 /* Assets.xcassets */,
				D0000000000000000000C003 /* Info.plist */,
			);
			path = Widget;
			sourceTree = "<group>";
		};
		C0000000000000000000A004 /* Shared */ = {
			isa = PBXGroup;
			children = (
				D0000000000000000000B004 /* ThaiWord.swift */,
				D0000000000000000000B005 /* Vocabulary.swift */,
				D0000000000000000000BF01 /* content.json */,
			);
			path = Shared;
			sourceTree = "<group>";
		};
		C0000000000000000000A005 /* Products */ = {
			isa = PBXGroup;
			children = (
				D0000000000000000000A001 /* ThaiWallpaperLearn.app */,
				D0000000000000000000A002 /* ThaiWidgetExtension.appex */,
			);
			name = Products;
			sourceTree = "<group>";
		};
/* End PBXGroup section */

/* Begin PBXNativeTarget section */
		A0000000000000000000A001 /* ThaiWallpaperLearn */ = {
			isa = PBXNativeTarget;
			buildConfigurationList = 1C000000000000000000A002 /* Build configuration list for PBXNativeTarget "ThaiWallpaperLearn" */;
			buildPhases = (
				F0000000000000000000A001 /* Sources */,
				F0000000000000000000A002 /* Frameworks */,
				F0000000000000000000A003 /* Resources */,
				F0000000000000000000A004 /* Embed Foundation Extensions */,
			);
			buildRules = (
			);
			dependencies = (
				B0000000000000000000A001 /* PBXTargetDependency */,
			);
			name = ThaiWallpaperLearn;
			productName = ThaiWallpaperLearn;
			productReference = D0000000000000000000A001 /* ThaiWallpaperLearn.app */;
			productType = "com.apple.product-type.application";
		};
		A0000000000000000000A002 /* ThaiWidgetExtension */ = {
			isa = PBXNativeTarget;
			buildConfigurationList = 1C000000000000000000A003 /* Build configuration list for PBXNativeTarget "ThaiWidgetExtension" */;
			buildPhases = (
				F0000000000000000000A005 /* Sources */,
				F0000000000000000000A006 /* Frameworks */,
				F0000000000000000000A007 /* Resources */,
			);
			buildRules = (
			);
			dependencies = (
			);
			name = ThaiWidgetExtension;
			productName = ThaiWidgetExtension;
			productReference = D0000000000000000000A002 /* ThaiWidgetExtension.appex */;
			productType = "com.apple.product-type.app-extension";
		};
/* End PBXNativeTarget section */

/* Begin PBXProject section */
		0A000000000000000000A001 /* Project object */ = {
			isa = PBXProject;
			attributes = {
				BuildIndependentTargetsInParallel = 1;
				LastSwiftUpdateCheck = 1500;
				LastUpgradeCheck = 1500;
				TargetAttributes = {
					A0000000000000000000A001 = {
						CreatedOnToolsVersion = 15.0;
					};
					A0000000000000000000A002 = {
						CreatedOnToolsVersion = 15.0;
					};
				};
			};
			buildConfigurationList = 1C000000000000000000A001 /* Build configuration list for PBXProject "ThaiWallpaperLearn" */;
			compatibilityVersion = "Xcode 14.0";
			developmentRegion = en;
			hasScannedForEncodings = 0;
			knownRegions = (
				en,
				Base,
			);
			mainGroup = C0000000000000000000A001;
			productRefGroup = C0000000000000000000A005 /* Products */;
			projectDirPath = "";
			projectRoot = "";
			targets = (
				A0000000000000000000A001 /* ThaiWallpaperLearn */,
				A0000000000000000000A002 /* ThaiWidgetExtension */,
			);
		};
/* End PBXProject section */

/* Begin PBXResourcesBuildPhase section */
		F0000000000000000000A003 /* Resources */ = {
			isa = PBXResourcesBuildPhase;
			buildActionMask = 2147483647;
			files = (
				E0000000000000000000C001 /* Assets.xcassets in Resources */,
				E0000000000000000000C003 /* Caladea-Regular.ttf in Resources */,
				E0000000000000000000C004 /* Caladea-Bold.ttf in Resources */,
				E0000000000000000000C005 /* OFL.txt in Resources */,
				E0000000000000000000C006 /* Mitr-Medium.ttf in Resources */,
				E0000000000000000000C007 /* OFL-Mitr.txt in Resources */,
				E0000000000000000000CF01 /* content.json in Resources */,
			);
			runOnlyForDeploymentPostprocessing = 0;
		};
		F0000000000000000000A007 /* Resources */ = {
			isa = PBXResourcesBuildPhase;
			buildActionMask = 2147483647;
			files = (
				E0000000000000000000C002 /* Assets.xcassets in Resources */,
				E0000000000000000000CF02 /* content.json in Resources */,
			);
			runOnlyForDeploymentPostprocessing = 0;
		};
/* End PBXResourcesBuildPhase section */

/* Begin PBXSourcesBuildPhase section */
		F0000000000000000000A001 /* Sources */ = {
			isa = PBXSourcesBuildPhase;
			buildActionMask = 2147483647;
			files = (
				E0000000000000000000B002 /* ContentView.swift in Sources */,
				E0000000000000000000B003 /* FlashcardView.swift in Sources */,
				E0000000000000000000B010 /* ThaiUI.swift in Sources */,
				E0000000000000000000B011 /* WordDetailView.swift in Sources */,
				E0000000000000000000B012 /* OnboardingView.swift in Sources */,
				E0000000000000000000B013 /* ShareCard.swift in Sources */,
				E0000000000000000000B014 /* QuizView.swift in Sources */,
				E0000000000000000000B015 /* ToneTrainerView.swift in Sources */,
				E0000000000000000000B016 /* SpeakPracticeView.swift in Sources */,
				E0000000000000000000B001 /* ThaiWallpaperLearnApp.swift in Sources */,
				E0000000000000000000B004 /* ThaiWord.swift in Sources */,
				E0000000000000000000B005 /* Vocabulary.swift in Sources */,
			);
			runOnlyForDeploymentPostprocessing = 0;
		};
		F0000000000000000000A005 /* Sources */ = {
			isa = PBXSourcesBuildPhase;
			buildActionMask = 2147483647;
			files = (
				E0000000000000000000B006 /* ThaiWidget.swift in Sources */,
				E0000000000000000000B007 /* ThaiWidgetBundle.swift in Sources */,
				E0000000000000000000B008 /* ThaiWord.swift in Sources */,
				E0000000000000000000B009 /* Vocabulary.swift in Sources */,
			);
			runOnlyForDeploymentPostprocessing = 0;
		};
/* End PBXSourcesBuildPhase section */

/* Begin PBXTargetDependency section */
		B0000000000000000000A001 /* PBXTargetDependency */ = {
			isa = PBXTargetDependency;
			target = A0000000000000000000A002 /* ThaiWidgetExtension */;
			targetProxy = B0000000000000000000A002 /* PBXContainerItemProxy */;
		};
/* End PBXTargetDependency section */

/* Begin XCBuildConfiguration section */
		2C000000000000000000A001 /* Debug */ = {
			isa = XCBuildConfiguration;
			buildSettings = {
				ALWAYS_SEARCH_USER_PATHS = NO;
				CLANG_ANALYZER_NONNULL = YES;
				CLANG_ENABLE_MODULES = YES;
				CLANG_ENABLE_OBJC_ARC = YES;
				COPY_PHASE_STRIP = NO;
				DEBUG_INFORMATION_FORMAT = dwarf;
				ENABLE_STRICT_OBJC_MSGSEND = YES;
				ENABLE_TESTABILITY = YES;
				GCC_C_LANGUAGE_STANDARD = gnu11;
				GCC_DYNAMIC_NO_PIC = NO;
				GCC_NO_COMMON_BLOCKS = YES;
				GCC_OPTIMIZATION_LEVEL = 0;
				GCC_PREPROCESSOR_DEFINITIONS = (
					"DEBUG=1",
					"$(inherited)",
				);
				IPHONEOS_DEPLOYMENT_TARGET = 17.0;
				MTL_ENABLE_DEBUG_INFO = INCLUDE_SOURCE;
				MTL_FAST_MATH = YES;
				ONLY_ACTIVE_ARCH = YES;
				SDKROOT = iphoneos;
				SWIFT_ACTIVE_COMPILATION_CONDITIONS = DEBUG;
				SWIFT_OPTIMIZATION_LEVEL = "-Onone";
			};
			name = Debug;
		};
		2C000000000000000000A002 /* Release */ = {
			isa = XCBuildConfiguration;
			buildSettings = {
				ALWAYS_SEARCH_USER_PATHS = NO;
				CLANG_ANALYZER_NONNULL = YES;
				CLANG_ENABLE_MODULES = YES;
				CLANG_ENABLE_OBJC_ARC = YES;
				COPY_PHASE_STRIP = NO;
				DEBUG_INFORMATION_FORMAT = "dwarf-with-dsym";
				ENABLE_NS_ASSERTIONS = NO;
				ENABLE_STRICT_OBJC_MSGSEND = YES;
				GCC_C_LANGUAGE_STANDARD = gnu11;
				GCC_NO_COMMON_BLOCKS = YES;
				IPHONEOS_DEPLOYMENT_TARGET = 17.0;
				MTL_ENABLE_DEBUG_INFO = NO;
				MTL_FAST_MATH = YES;
				SDKROOT = iphoneos;
				SWIFT_COMPILATION_MODE = wholemodule;
				SWIFT_OPTIMIZATION_LEVEL = "-O";
				VALIDATE_PRODUCT = YES;
			};
			name = Release;
		};
		2C000000000000000000A003 /* Debug */ = {
			isa = XCBuildConfiguration;
			buildSettings = {
				ASSETCATALOG_COMPILER_APPICON_NAME = AppIcon;
				ASSETCATALOG_COMPILER_GLOBAL_ACCENT_COLOR_NAME = AccentColor;
				CODE_SIGN_STYLE = Automatic;
				CURRENT_PROJECT_VERSION = 6;
				INFOPLIST_KEY_ITSAppUsesNonExemptEncryption = NO;
				ENABLE_PREVIEWS = YES;
				GENERATE_INFOPLIST_FILE = YES;
				INFOPLIST_FILE = App/Info.plist;
				INFOPLIST_KEY_CFBundleDisplayName = "Thai Learn";
				INFOPLIST_KEY_UIApplicationSceneManifest_Generation = YES;
				INFOPLIST_KEY_UIApplicationSupportsIndirectInputEvents = YES;
				INFOPLIST_KEY_UILaunchScreen_Generation = YES;
				INFOPLIST_KEY_UISupportedInterfaceOrientations_iPad = "UIInterfaceOrientationPortrait UIInterfaceOrientationPortraitUpsideDown UIInterfaceOrientationLandscapeLeft UIInterfaceOrientationLandscapeRight";
				INFOPLIST_KEY_UISupportedInterfaceOrientations_iPhone = "UIInterfaceOrientationPortrait UIInterfaceOrientationLandscapeLeft UIInterfaceOrientationLandscapeRight";
				IPHONEOS_DEPLOYMENT_TARGET = 17.0;
				LD_RUNPATH_SEARCH_PATHS = (
					"$(inherited)",
					"@executable_path/Frameworks",
				);
				MARKETING_VERSION = 1.0;
				PRODUCT_BUNDLE_IDENTIFIER = com.thailearn.ThaiWallpaperLearn;
				PRODUCT_NAME = "$(TARGET_NAME)";
				SWIFT_EMIT_LOC_STRINGS = YES;
				SWIFT_VERSION = 5.0;
				TARGETED_DEVICE_FAMILY = "1,2";
			};
			name = Debug;
		};
		2C000000000000000000A004 /* Release */ = {
			isa = XCBuildConfiguration;
			buildSettings = {
				ASSETCATALOG_COMPILER_APPICON_NAME = AppIcon;
				ASSETCATALOG_COMPILER_GLOBAL_ACCENT_COLOR_NAME = AccentColor;
				CODE_SIGN_STYLE = Automatic;
				CURRENT_PROJECT_VERSION = 6;
				INFOPLIST_KEY_ITSAppUsesNonExemptEncryption = NO;
				ENABLE_PREVIEWS = YES;
				GENERATE_INFOPLIST_FILE = YES;
				INFOPLIST_FILE = App/Info.plist;
				INFOPLIST_KEY_CFBundleDisplayName = "Thai Learn";
				INFOPLIST_KEY_UIApplicationSceneManifest_Generation = YES;
				INFOPLIST_KEY_UIApplicationSupportsIndirectInputEvents = YES;
				INFOPLIST_KEY_UILaunchScreen_Generation = YES;
				INFOPLIST_KEY_UISupportedInterfaceOrientations_iPad = "UIInterfaceOrientationPortrait UIInterfaceOrientationPortraitUpsideDown UIInterfaceOrientationLandscapeLeft UIInterfaceOrientationLandscapeRight";
				INFOPLIST_KEY_UISupportedInterfaceOrientations_iPhone = "UIInterfaceOrientationPortrait UIInterfaceOrientationLandscapeLeft UIInterfaceOrientationLandscapeRight";
				IPHONEOS_DEPLOYMENT_TARGET = 17.0;
				LD_RUNPATH_SEARCH_PATHS = (
					"$(inherited)",
					"@executable_path/Frameworks",
				);
				MARKETING_VERSION = 1.0;
				PRODUCT_BUNDLE_IDENTIFIER = com.thailearn.ThaiWallpaperLearn;
				PRODUCT_NAME = "$(TARGET_NAME)";
				SWIFT_EMIT_LOC_STRINGS = YES;
				SWIFT_VERSION = 5.0;
				TARGETED_DEVICE_FAMILY = "1,2";
			};
			name = Release;
		};
		2C000000000000000000A005 /* Debug */ = {
			isa = XCBuildConfiguration;
			buildSettings = {
				ASSETCATALOG_COMPILER_GLOBAL_ACCENT_COLOR_NAME = AccentColor;
				CODE_SIGN_STYLE = Automatic;
				CURRENT_PROJECT_VERSION = 6;
				INFOPLIST_KEY_ITSAppUsesNonExemptEncryption = NO;
				GENERATE_INFOPLIST_FILE = YES;
				INFOPLIST_FILE = Widget/Info.plist;
				INFOPLIST_KEY_CFBundleDisplayName = "Thai Learn";
				INFOPLIST_KEY_NSHumanReadableCopyright = "";
				IPHONEOS_DEPLOYMENT_TARGET = 17.0;
				LD_RUNPATH_SEARCH_PATHS = (
					"$(inherited)",
					"@executable_path/Frameworks",
					"@executable_path/../../Frameworks",
				);
				MARKETING_VERSION = 1.0;
				PRODUCT_BUNDLE_IDENTIFIER = com.thailearn.ThaiWallpaperLearn.ThaiWidget;
				PRODUCT_NAME = "$(TARGET_NAME)";
				SKIP_INSTALL = YES;
				SWIFT_EMIT_LOC_STRINGS = YES;
				SWIFT_VERSION = 5.0;
				TARGETED_DEVICE_FAMILY = "1,2";
			};
			name = Debug;
		};
		2C000000000000000000A006 /* Release */ = {
			isa = XCBuildConfiguration;
			buildSettings = {
				ASSETCATALOG_COMPILER_GLOBAL_ACCENT_COLOR_NAME = AccentColor;
				CODE_SIGN_STYLE = Automatic;
				CURRENT_PROJECT_VERSION = 6;
				INFOPLIST_KEY_ITSAppUsesNonExemptEncryption = NO;
				GENERATE_INFOPLIST_FILE = YES;
				INFOPLIST_FILE = Widget/Info.plist;
				INFOPLIST_KEY_CFBundleDisplayName = "Thai Learn";
				INFOPLIST_KEY_NSHumanReadableCopyright = "";
				IPHONEOS_DEPLOYMENT_TARGET = 17.0;
				LD_RUNPATH_SEARCH_PATHS = (
					"$(inherited)",
					"@executable_path/Frameworks",
					"@executable_path/../../Frameworks",
				);
				MARKETING_VERSION = 1.0;
				PRODUCT_BUNDLE_IDENTIFIER = com.thailearn.ThaiWallpaperLearn.ThaiWidget;
				PRODUCT_NAME = "$(TARGET_NAME)";
				SKIP_INSTALL = YES;
				SWIFT_EMIT_LOC_STRINGS = YES;
				SWIFT_VERSION = 5.0;
				TARGETED_DEVICE_FAMILY = "1,2";
			};
			name = Release;
		};
/* End XCBuildConfiguration section */

/* Begin XCConfigurationList section */
		1C000000000000000000A001 /* Build configuration list for PBXProject "ThaiWallpaperLearn" */ = {
			isa = XCConfigurationList;
			buildConfigurations = (
				2C000000000000000000A001 /* Debug */,
				2C000000000000000000A002 /* Release */,
			);
			defaultConfigurationIsVisible = 0;
			defaultConfigurationName = Release;
		};
		1C000000000000000000A002 /* Build configuration list for PBXNativeTarget "ThaiWallpaperLearn" */ = {
			isa = XCConfigurationList;
			buildConfigurations = (
				2C000000000000000000A003 /* Debug */,
				2C000000000000000000A004 /* Release */,
			);
			defaultConfigurationIsVisible = 0;
			defaultConfigurationName = Release;
		};
		1C000000000000000000A003 /* Build configuration list for PBXNativeTarget "ThaiWidgetExtension" */ = {
			isa = XCConfigurationList;
			buildConfigurations = (
				2C000000000000000000A005 /* Debug */,
				2C000000000000000000A006 /* Release */,
			);
			defaultConfigurationIsVisible = 0;
			defaultConfigurationName = Release;
		};
/* End XCConfigurationList section */
	};
	rootObject = 0A000000000000000000A001 /* Project object */;
}
